// !$*UTF8*$!
{
	archiveVersion = 1;
	classes = {
	};
	objectVersion = 46;
	objects = {

/* Begin PBXBuildFile section */
		1039B3231F8D5DB30024ECBF /* AppDelegate.swift in Sources */ = {isa = PBXBuildFile; fileRef = 1039B3221F8D5DB30024ECBF /* AppDelegate.swift */; };
		1039B3251F8D5DB30024ECBF /* ViewController.swift in Sources */ = {isa = PBXBuildFile; fileRef = 1039B3241F8D5DB30024ECBF /* ViewController.swift */; };
		1039B3281F8D5DB30024ECBF /* Main.storyboard in Resources */ = {isa = PBXBuildFile; fileRef = 1039B3261F8D5DB30024ECBF /* Main.storyboard */; };
		1039B32A1F8D5DB30024ECBF /* Assets.xcassets in Resources */ = {isa = PBXBuildFile; fileRef = 1039B3291F8D5DB30024ECBF /* Assets.xcassets */; };
		1039B32D1F8D5DB30024ECBF /* LaunchScreen.storyboard in Resources */ = {isa = PBXBuildFile; fileRef = 1039B32B1F8D5DB30024ECBF /* LaunchScreen.storyboard */; };
		1039B3361F8D5DFD0024ECBF /* secondTableViewCell.swift in Sources */ = {isa = PBXBuildFile; fileRef = 1039B3341F8D5DFD0024ECBF /* secondTableViewCell.swift */; };
		1039B3371F8D5DFD0024ECBF /* secondTableViewCell.xib in Resources */ = {isa = PBXBuildFile; fileRef = 1039B3351F8D5DFD0024ECBF /* secondTableViewCell.xib */; };
/* End PBXBuildFile section */

/* Begin PBXFileReference section */
		1039B31F1F8D5DB30024ECBF /* secondTableView.app */ = {isa = PBXFileReference; explicitFileType = wrapper.application; includeInIndex = 0; path = secondTableView.app; sourceTree = BUILT_PRODUCTS_DIR; };
		1039B3221F8D5DB30024ECBF /* AppDelegate.swift */ = {isa = PBXFileReference; lastKnownFileType = sourcecode.swift; path = AppDelegate.swift; sourceTree = "<group>"; };
		1039B3241F8D5DB30024ECBF /* ViewController.swift */ = {isa = PBXFileReference; lastKnownFileType = sourcecode.swift; path = ViewController.swift; sourceTree = "<group>"; };
		1039B3271F8D5DB30024ECBF /* Base */ = {isa = PBXFileReference; lastKnownFileType = file.storyboard; name = Base; path = Base.lproj/Main.storyboard; sourceTree = "<group>"; };
		1039B3291F8D5DB30024ECBF /* Assets.xcassets */ = {isa = PBXFileReference; lastKnownFileType = folder.assetcatalog; path = Assets.xcassets; sourceTree = "<group>"; };
		1039B32C1F8D5DB30024ECBF /* Base */ = {isa = PBXFileReference; lastKnownFileType = file.storyboard; name = Base; path = Base.lproj/LaunchScreen.storyboard; sourceTree = "<group>"; };
		1039B32E1F8D5DB30024ECBF /* Info.plist */ = {isa = PBXFileReference; lastKnownFileType = text.plist.xml; path = Info.plist; sourceTree = "<group>"; };
		1039B3341F8D5DFD0024ECBF /* secondTableViewCell.swift */ = {isa = PBXFileReference; fileEncoding = 4; lastKnownFileType = sourcecode.swift; path = secondTableViewCell.swift; sourceTree = "<group>"; };
		1039B3351F8D5DFD0024ECBF /* secondTableViewCell.xib */ = {isa = PBXFileReference; fileEncoding = 4; lastKnownFileType = file.xib; path = secondTableViewCell.xib; sourceTree = "<group>"; };
/* End PBXFileReference section */

/* Begin PBXFrameworksBuildPhase section */
		1039B31C1F8D5DB30024ECBF /* Frameworks */ = {
			isa = PBXFrameworksBuildPhase;
			buildActionMask = 2147483647;
			files = (
			);
			runOnlyForDeploymentPostprocessing = 0;
		};
/* End PBXFrameworksBuildPhase section */

/* Begin PBXGroup section */
		1039B3161F8D5DB30024ECBF = {
			isa = PBXGroup;
			children = (
				1039B3211F8D5DB30024ECBF /* secondTableView */,
				1039B3201F8D5DB30024ECBF /* Products */,
			);
			sourceTree = "<group>";
		};
		1039B3201F8D5DB30024ECBF /* Products */ = {
			isa = PBXGroup;
			children = (
				1039B31F1F8D5DB30024ECBF /* secondTableView.app */,
			);
			name = Products;
			sourceTree = "<group>";
		};
		1039B3211F8D5DB30024ECBF /* secondTableView */ = {
			isa = PBXGroup;
			children = (
				1039B3221F8D5DB30024ECBF /* AppDelegate.swift */,
				1039B3241F8D5DB30024ECBF /* ViewController.swift */,
				1039B3261F8D5DB30024ECBF /* Main.storyboard */,
				1039B3291F8D5DB30024ECBF /* Assets.xcassets */,
				1039B32B1F8D5DB30024ECBF /* LaunchScreen.storyboard */,
				1039B3381F8D5F370024ECBF /* Cell */,
				1039B32E1F8D5DB30024ECBF /* Info.plist */,
			);
			path = secondTableView;
			sourceTree = "<group>";
		};
		1039B3381F8D5F370024ECBF /* Cell */ = {
			isa = PBXGroup;
			children = (
				1039B3341F8D5DFD0024ECBF /* secondTableViewCell.swift */,
				1039B3351F8D5DFD0024ECBF /* secondTableViewCell.xib */,
			);
			name = Cell;
			sourceTree = "<group>";
		};
/* End PBXGroup section */

/* Begin PBXNativeTarget section */
		1039B31E1F8D5DB30024ECBF /* secondTableView */ = {
			isa = PBXNativeTarget;
			buildConfigurationList = 1039B3311F8D5DB30024ECBF /* Build configuration list for PBXNativeTarget "secondTableView" */;
			buildPhases = (
				1039B31B1F8D5DB30024ECBF /* Sources */,
				1039B31C1F8D5DB30024ECBF /* Frameworks */,
				1039B31D1F8D5DB30024ECBF /* Resources */,
			);
			buildRules = (
			);
			dependencies = (
			);
			name = secondTableView;
			productName = secondTableView;
			productReference = 1039B31F1F8D5DB30024ECBF /* secondTableView.app */;
			productType = "com.apple.product-type.application";
		};
/* End PBXNativeTarget section */

/* Begin PBXProject section */
		1039B3171F8D5DB30024ECBF /* Project object */ = {
			isa = PBXProject;
			attributes = {
				LastSwiftUpdateCheck = 0830;
				LastUpgradeCheck = 0830;
				ORGANIZATIONNAME = Aliveng;
				TargetAttributes = {
					1039B31E1F8D5DB30024ECBF = {
						CreatedOnToolsVersion = 8.3.3;
						ProvisioningStyle = Automatic;
					};
				};
			};
			buildConfigurationList = 1039B31A1F8D5DB30024ECBF /* Build configuration list for PBXProject "secondTableView" */;
			compatibilityVersion = "Xcode 3.2";
			developmentRegion = English;
			hasScannedForEncodings = 0;
			knownRegions = (
				en,
				Base,
			);
			mainGroup = 1039B3161F8D5DB30024ECBF;
			productRefGroup = 1039B3201F8D5DB30024ECBF /* Products */;
			projectDirPath = "";
			projectRoot = "";
			targets = (
				1039B31E1F8D5DB30024ECBF /* secondTableView */,
			);
		};
/* End PBXProject section */

/* Begin PBXResourcesBuildPhase section */
		1039B31D1F8D5DB30024ECBF /* Resources */ = {
			isa = PBXResourcesBuildPhase;
			buildActionMask = 2147483647;
			files = (
				1039B32D1F8D5DB30024ECBF /* LaunchScreen.storyboard in Resources */,
				1039B32A1F8D5DB30024ECBF /* Assets.xcassets in Resources */,
				1039B3281F8D5DB30024ECBF /* Main.storyboard in Resources */,
				1039B3371F8D5DFD0024ECBF /* secondTableViewCell.xib in Resources */,
			);
			runOnlyForDeploymentPostprocessing = 0;
		};
/* End PBXResourcesBuildPhase section */

/* Begin PBXSourcesBuildPhase section */
		1039B31B1F8D5DB30024ECBF /* Sources */ = {
			isa = PBXSourcesBuildPhase;
			buildActionMask = 2147483647;
			files = (
				1039B3251F8D5DB30024ECBF /* ViewController.swift in Sources */,
				1039B3361F8D5DFD0024ECBF /* secondTableViewCell.swift in Sources */,
				1039B3231F8D5DB30024ECBF /* AppDelegate.swift in Sources */,
			);
			runOnlyForDeploymentPostprocessing = 0;
		};
/* End PBXSourcesBuildPhase section */

/* Begin PBXVariantGroup section */
		1039B3261F8D5DB30024ECBF /* Main.storyboard */ = {
			isa = PBXVariantGroup;
			children = (
				1039B3271F8D5DB30024ECBF /* Base */,
			);
			name = Main.storyboard;
			sourceTree = "<group>";
		};
		1039B32B1F8D5DB30024ECBF /* LaunchScreen.storyboard */ = {
			isa = PBXVariantGroup;
			children = (
				1039B32C1F8D5DB30024ECBF /* Base */,
			);
			name = LaunchScreen.storyboard;
			sourceTree = "<group>";
		};
/* End PBXVariantGroup section */

/* Begin XCBuildConfiguration section */
		1039B32F1F8D5DB30024ECBF /* Debug */ = {
			isa = XCBuildConfiguration;
			buildSettings = {
				ALWAYS_SEARCH_USER_PATHS = NO;
				CLANG_ANALYZER_NONNULL = YES;
				CLANG_ANALYZER_NUMBER_OBJECT_CONVERSION = YES_AGGRESSIVE;
				CLANG_CXX_LANGUAGE_STANDARD = "gnu++0x";
				CLANG_CXX_LIBRARY = "libc++";
				CLANG_ENABLE_MODULES = YES;
				CLANG_ENABLE_OBJC_ARC = YES;
				CLANG_WARN_BOOL_CONVERSION = YES;
				CLANG_WARN_CONSTANT_CONVERSION = YES;
				CLANG_WARN_DIRECT_OBJC_ISA_USAGE = YES_ERROR;
				CLANG_WARN_DOCUMENTATION_COMMENTS = YES;
				CLANG_WARN_EMPTY_BODY = YES;
				CLANG_WARN_ENUM_CONVERSION = YES;
				CLANG_WARN_INFINITE_RECURSION = YES;
				CLANG_WARN_INT_CONVERSION = YES;
				CLANG_WARN_OBJC_ROOT_CLASS = YES_ERROR;
				CLANG_WARN_SUSPICIOUS_MOVE = YES;
				CLANG_WARN_UNREACHABLE_CODE = YES;
				CLANG_WARN__DUPLICATE_METHOD_MATCH = YES;
				"CODE_SIGN_IDENTITY[sdk=iphoneos*]" = "iPhone Developer";
				COPY_PHASE_STRIP = NO;
				DEBUG_INFORMATION_FORMAT = dwarf;
				ENABLE_STRICT_OBJC_MSGSEND = YES;
				ENABLE_TESTABILITY = YES;
				GCC_C_LANGUAGE_STANDARD = gnu99;
				GCC_DYNAMIC_NO_PIC = NO;
				GCC_NO_COMMON_BLOCKS = YES;
				GCC_OPTIMIZATION_LEVEL = 0;
				GCC_PREPROCESSOR_DEFINITIONS = (
					"DEBUG=1",
					"$(inherited)",
				);
				GCC_WARN_64_TO_32_BIT_CONVERSION = YES;
				GCC_WARN_ABOUT_RETURN_TYPE = YES_ERROR;
				GCC_WARN_UNDECLARED_SELECTOR = YES;
				GCC_WARN_UNINITIALIZED_AUTOS = YES_AGGRESSIVE;
				GCC_WARN_UNUSED_FUNCTION = YES;
				GCC_WARN_UNUSED_VARIABLE = YES;
				IPHONEOS_DEPLOYMENT_TARGET = 10.3;
				MTL_ENABLE_DEBUG_INFO = YES;
				ONLY_ACTIVE_ARCH = YES;
				SDKROOT = iphoneos;
				SWIFT_ACTIVE_COMPILATION_CONDITIONS = DEBUG;
				SWIFT_OPTIMIZATION_LEVEL = "-Onone";
			};
			name = Debug;
		};
		1039B3301F8D5DB30024ECBF /* Release */ = {
			isa = XCBuildConfiguration;
			buildSettings = {
				ALWAYS_SEARCH_USER_PATHS = NO;
				CLANG_ANALYZER_NONNULL = YES;
				CLANG_ANALYZER_NUMBER_OBJECT_CONVERSION = YES_AGGRESSIVE;
				CLANG_CXX_LANGUAGE_STANDARD = "gnu++0x";
				CLANG_CXX_LIBRARY = "libc++";
				CLANG_ENABLE_MODULES = YES;
				CLANG_ENABLE_OBJC_ARC = YES;
				CLANG_WARN_BOOL_CONVERSION = YES;
				CLANG_WARN_CONSTANT_CONVERSION = YES;
				CLANG_WARN_DIRECT_OBJC_ISA_USAGE = YES_ERROR;
				CLANG_WARN_DOCUMENTATION_COMMENTS = YES;
				CLANG_WARN_EMPTY_BODY = YES;
				CLANG_WARN_ENUM_CONVERSION = YES;
				CLANG_WARN_INFINITE_RECURSION = YES;
				CLANG_WARN_INT_CONVERSION = YES;
				CLANG_WARN_OBJC_ROOT_CLASS = YES_ERROR;
				CLANG_WARN_SUSPICIOUS_MOVE = YES;
				CLANG_WARN_UNREACHABLE_CODE = YES;
				CLANG_WARN__DUPLICATE_METHOD_MATCH = YES;
				"CODE_SIGN_IDENTITY[sdk=iphoneos*]" = "iPhone Developer";
				COPY_PHASE_STRIP = NO;
				DEBUG_INFORMATION_FORMAT = "dwarf-with-dsym";
				ENABLE_NS_ASSERTIONS = NO;
				ENABLE_STRICT_OBJC_MSGSEND = YES;
				GCC_C_LANGUAGE_STANDARD = gnu99;
				GCC_NO_COMMON_BLOCKS = YES;
				GCC_WARN_64_TO_32_BIT_CONVERSION = YES;
				GCC_WARN_ABOUT_RETURN_TYPE = YES_ERROR;
				GCC_WARN_UNDECLARED_SELECTOR = YES;
				GCC_WARN_UNINITIALIZED_AUTOS = YES_AGGRESSIVE;
				GCC_WARN_UNUSED_FUNCTION = YES;
				GCC_WARN_UNUSED_VARIABLE = YES;
				IPHONEOS_DEPLOYMENT_TARGET = 10.3;
				MTL_ENABLE_DEBUG_INFO = NO;
				SDKROOT = iphoneos;
				SWIFT_OPTIMIZATION_LEVEL = "-Owholemodule";
				VALIDATE_PRODUCT = YES;
			};
			name = Release;
		};
		1039B3321F8D5DB30024ECBF /* Debug */ = {
			isa = XCBuildConfiguration;
			buildSettings = {
				ASSETCATALOG_COMPILER_APPICON_NAME = AppIcon;
				INFOPLIST_FILE = secondTableView/Info.plist;
				LD_RUNPATH_SEARCH_PATHS = "$(inherited) @executable_path/Frameworks";
				PRODUCT_BUNDLE_IDENTIFIER = ru.adeveloper.secondTableView;
				PRODUCT_NAME = "$(TARGET_NAME)";
				SWIFT_VERSION = 3.0;
			};
			name = Debug;
		};
		1039B3331F8D5DB30024ECBF /* Release */ = {
			isa = XCBuildConfiguration;
			buildSettings = {
				ASSETCATALOG_COMPILER_APPICON_NAME = AppIcon;
				INFOPLIST_FILE = secondTableView/Info.plist;
				LD_RUNPATH_SEARCH_PATHS = "$(inherited) @executable_path/Frameworks";
				PRODUCT_BUNDLE_IDENTIFIER = ru.adeveloper.secondTableView;
				PRODUCT_NAME = "$(TARGET_NAME)";
				SWIFT_VERSION = 3.0;
			};
			name = Release;
		};
/* End XCBuildConfiguration section */

/* Begin XCConfigurationList section */
		1039B31A1F8D5DB30024ECBF /* Build configuration list for PBXProject "secondTableView" */ = {
			isa = XCConfigurationList;
			buildConfigurations = (
				1039B32F1F8D5DB30024ECBF /* Debug */,
				1039B3301F8D5DB30024ECBF /* Release */,
			);
			defaultConfigurationIsVisible = 0;
			defaultConfigurationName = Release;
		};
		1039B3311F8D5DB30024ECBF /* Build configuration list for PBXNativeTarget "secondTableView" */ = {
			isa = XCConfigurationList;
			buildConfigurations = (
				1039B3321F8D5DB30024ECBF /* Debug */,
				1039B3331F8D5DB30024ECBF /* Release */,
			);
			defaultConfigurationIsVisible = 0;
			defaultConfigurationName = Release;
		};
/* End XCConfigurationList section */
	};
	rootObject = 1039B3171F8D5DB30024ECBF /* Project object */;
}
